
Microsoft Visual Studio Solution File, Format Version 12.00
# Visual Studio Version 17
VisualStudioVersion = 17.9.34728.123
MinimumVisualStudioVersion = 10.0.40219.1
Project("{FAE04EC0-301F-11D3-BF4B-00C04F79EFBC}") = "Deosrc.MoviesTechnicalTest", "Deosrc.MoviesTechnicalTest\Deosrc.MoviesTechnicalTest.csproj", "{550219D7-1886-4B8C-903E-0C041C1AE6EB}"
EndProject
Global
	GlobalSection(SolutionConfigurationPlatforms) = preSolution
		Debug|Any CPU = Debug|Any CPU
		Release|Any CPU = Release|Any CPU
	EndGlobalSection
	GlobalSection(ProjectConfigurationPlatforms) = postSolution
		{550219D7-1886-4B8C-903E-0C041C1AE6EB}.Debug|Any CPU.ActiveCfg = Debug|Any CPU
		{550219D7-1886-4B8C-903E-0C041C1AE6EB}.Debug|Any CPU.Build.0 = Debug|Any CPU
		{550219D7-1886-4B8C-903E-0C041C1AE6EB}.Release|Any CPU.ActiveCfg = Release|Any CPU
		{550219D7-1886-4B8C-903E-0C041C1AE6EB}.Release|Any CPU.Build.0 = Release|Any CPU
	EndGlobalSection
	GlobalSection(SolutionProperties) = preSolution
		HideSolutionNode = FALSE
	EndGlobalSection
	GlobalSection(ExtensibilityGlobals) = postSolution
		SolutionGuid = {37DF043A-59B2-4A3C-845A-CF0D4D691FCC}
	EndGlobalSection
EndGlobal
